
Microsoft Visual Studio Solution File, Format Version 12.00
# Visual Studio Version 17
VisualStudioVersion = 17.3.32929.385
MinimumVisualStudioVersion = 10.0.40219.1
Project("{9A19103F-16F7-4668-BE54-9A1E7A4F7556}") = "AddressBookUsing_File_IO", "AddressBookUsing_File_IO.csproj", "{81B5F55A-A4D9-420D-BAD1-F5D87FCB2D15}"
EndProject
Global
	GlobalSection(SolutionConfigurationPlatforms) = preSolution
		Debug|Any CPU = Debug|Any CPU
		Release|Any CPU = Release|Any CPU
	EndGlobalSection
	GlobalSection(ProjectConfigurationPlatforms) = postSolution
		{81B5F55A-A4D9-420D-BAD1-F5D87FCB2D15}.Debug|Any CPU.ActiveCfg = Debug|Any CPU
		{81B5F55A-A4D9-420D-BAD1-F5D87FCB2D15}.Debug|Any CPU.Build.0 = Debug|Any CPU
		{81B5F55A-A4D9-420D-BAD1-F5D87FCB2D15}.Release|Any CPU.ActiveCfg = Release|Any CPU
		{81B5F55A-A4D9-420D-BAD1-F5D87FCB2D15}.Release|Any CPU.Build.0 = Release|Any CPU
	EndGlobalSection
	GlobalSection(SolutionProperties) = preSolution
		HideSolutionNode = FALSE
	EndGlobalSection
	GlobalSection(ExtensibilityGlobals) = postSolution
		SolutionGuid = {CCFFFC4A-CA73-4B00-9779-A5B44C8D60C3}
	EndGlobalSection
EndGlobal
